// !$*UTF8*$!
{
	archiveVersion = 1;
	classes = {
	};
	objectVersion = 46;
	objects = {

/* Begin PBXBuildFile section */
		D69588A01BE9CE3600307B6B /* main.m in Sources */ = {isa = PBXBuildFile; fileRef = D695889F1BE9CE3600307B6B /* main.m */; };
		D69588A31BE9CE3600307B6B /* AppDelegate.m in Sources */ = {isa = PBXBuildFile; fileRef = D69588A21BE9CE3600307B6B /* AppDelegate.m */; };
		D69588A61BE9CE3600307B6B /* RootViewController.m in Sources */ = {isa = PBXBuildFile; fileRef = D69588A51BE9CE3600307B6B /* RootViewController.m */; };
		D69588A91BE9CE3600307B6B /* Main.storyboard in Resources */ = {isa = PBXBuildFile; fileRef = D69588A71BE9CE3600307B6B /* Main.storyboard */; };
		D69588AB1BE9CE3600307B6B /* Assets.xcassets in Resources */ = {isa = PBXBuildFile; fileRef = D69588AA1BE9CE3600307B6B /* Assets.xcassets */; };
		D69588AE1BE9CE3600307B6B /* LaunchScreen.storyboard in Resources */ = {isa = PBXBuildFile; fileRef = D69588AC1BE9CE3600307B6B /* LaunchScreen.storyboard */; };
/* End PBXBuildFile section */

/* Begin PBXFileReference section */
		D695889B1BE9CE3600307B6B /* iOSTest.app */ = {isa = PBXFileReference; explicitFileType = wrapper.application; includeInIndex = 0; path = iOSTest.app; sourceTree = BUILT_PRODUCTS_DIR; };
		D695889F1BE9CE3600307B6B /* main.m */ = {isa = PBXFileReference; lastKnownFileType = sourcecode.c.objc; path = main.m; sourceTree = "<group>"; };
		D69588A11BE9CE3600307B6B /* AppDelegate.h */ = {isa = PBXFileReference; lastKnownFileType = sourcecode.c.h; path = AppDelegate.h; sourceTree = "<group>"; };
		D69588A21BE9CE3600307B6B /* AppDelegate.m */ = {isa = PBXFileReference; lastKnownFileType = sourcecode.c.objc; path = AppDelegate.m; sourceTree = "<group>"; };
		D69588A41BE9CE3600307B6B /* RootViewController.h */ = {isa = PBXFileReference; lastKnownFileType = sourcecode.c.h; path = RootViewController.h; sourceTree = "<group>"; };
		D69588A51BE9CE3600307B6B /* RootViewController.m */ = {isa = PBXFileReference; lastKnownFileType = sourcecode.c.objc; path = RootViewController.m; sourceTree = "<group>"; };
		D69588A81BE9CE3600307B6B /* Base */ = {isa = PBXFileReference; lastKnownFileType = file.storyboard; name = Base; path = Base.lproj/Main.storyboard; sourceTree = "<group>"; };
		D69588AA1BE9CE3600307B6B /* Assets.xcassets */ = {isa = PBXFileReference; lastKnownFileType = folder.assetcatalog; path = Assets.xcassets; sourceTree = "<group>"; };
		D69588AD1BE9CE3600307B6B /* Base */ = {isa = PBXFileReference; lastKnownFileType = file.storyboard; name = Base; path = Base.lproj/LaunchScreen.storyboard; sourceTree = "<group>"; };
		D69588AF1BE9CE3600307B6B /* Info.plist */ = {isa = PBXFileReference; lastKnownFileType = text.plist.xml; path = Info.plist; sourceTree = "<group>"; };
/* End PBXFileReference section */

/* Begin PBXFrameworksBuildPhase section */
		D69588981BE9CE3600307B6B /* Frameworks */ = {
			isa = PBXFrameworksBuildPhase;
			buildActionMask = 2147483647;
			files = (
			);
			runOnlyForDeploymentPostprocessing = 0;
		};
/* End PBXFrameworksBuildPhase section */

/* Begin PBXGroup section */
		D69588921BE9CE3600307B6B = {
			isa = PBXGroup;
			children = (
				D695889D1BE9CE3600307B6B /* iOSTest */,
				D695889C1BE9CE3600307B6B /* Products */,
			);
			sourceTree = "<group>";
		};
		D695889C1BE9CE3600307B6B /* Products */ = {
			isa = PBXGroup;
			children = (
				D695889B1BE9CE3600307B6B /* iOSTest.app */,
			);
			name = Products;
			sourceTree = "<group>";
		};
		D695889D1BE9CE3600307B6B /* iOSTest */ = {
			isa = PBXGroup;
			children = (
				D69588A11BE9CE3600307B6B /* AppDelegate.h */,
				D69588A21BE9CE3600307B6B /* AppDelegate.m */,
				D69588A41BE9CE3600307B6B /* RootViewController.h */,
				D69588A51BE9CE3600307B6B /* RootViewController.m */,
				D69588A71BE9CE3600307B6B /* Main.storyboard */,
				D69588AA1BE9CE3600307B6B /* Assets.xcassets */,
				D69588AC1BE9CE3600307B6B /* LaunchScreen.storyboard */,
				D69588AF1BE9CE3600307B6B /* Info.plist */,
				D695889E1BE9CE3600307B6B /* Supporting Files */,
			);
			path = iOSTest;
			sourceTree = "<group>";
		};
		D695889E1BE9CE3600307B6B /* Supporting Files */ = {
			isa = PBXGroup;
			children = (
				D695889F1BE9CE3600307B6B /* main.m */,
			);
			name = "Supporting Files";
			sourceTree = "<group>";
		};
/* End PBXGroup section */

/* Begin PBXNativeTarget section */
		D695889A1BE9CE3600307B6B /* iOSTest */ = {
			isa = PBXNativeTarget;
			buildConfigurationList = D69588B21BE9CE3600307B6B /* Build configuration list for PBXNativeTarget "iOSTest" */;
			buildPhases = (
				D69588971BE9CE3600307B6B /* Sources */,
				D69588981BE9CE3600307B6B /* Frameworks */,
				D69588991BE9CE3600307B6B /* Resources */,
			);
			buildRules = (
			);
			dependencies = (
			);
			name = iOSTest;
			productName = iOSTest;
			productReference = D695889B1BE9CE3600307B6B /* iOSTest.app */;
			productType = "com.apple.product-type.application";
		};
/* End PBXNativeTarget section */

/* Begin PBXProject section */
		D69588931BE9CE3600307B6B /* Project object */ = {
			isa = PBXProject;
			attributes = {
				LastUpgradeCheck = 0710;
				ORGANIZATIONNAME = "John Zhao";
				TargetAttributes = {
					D695889A1BE9CE3600307B6B = {
						CreatedOnToolsVersion = 7.1;
						DevelopmentTeam = 98R4Z68769;
					};
				};
			};
			buildConfigurationList = D69588961BE9CE3600307B6B /* Build configuration list for PBXProject "iOSTest" */;
			compatibilityVersion = "Xcode 3.2";
			developmentRegion = English;
			hasScannedForEncodings = 0;
			knownRegions = (
				en,
				Base,
			);
			mainGroup = D69588921BE9CE3600307B6B;
			productRefGroup = D695889C1BE9CE3600307B6B /* Products */;
			projectDirPath = "";
			projectRoot = "";
			targets = (
				D695889A1BE9CE3600307B6B /* iOSTest */,
			);
		};
/* End PBXProject section */

/* Begin PBXResourcesBuildPhase section */
		D69588991BE9CE3600307B6B /* Resources */ = {
			isa = PBXResourcesBuildPhase;
			buildActionMask = 2147483647;
			files = (
				D69588AE1BE9CE3600307B6B /* LaunchScreen.storyboard in Resources */,
				D69588AB1BE9CE3600307B6B /* Assets.xcassets in Resources */,
				D69588A91BE9CE3600307B6B /* Main.storyboard in Resources */,
			);
			runOnlyForDeploymentPostprocessing = 0;
		};
/* End PBXResourcesBuildPhase section */

/* Begin PBXSourcesBuildPhase section */
		D69588971BE9CE3600307B6B /* Sources */ = {
			isa = PBXSourcesBuildPhase;
			buildActionMask = 2147483647;
			files = (
				D69588A61BE9CE3600307B6B /* RootViewController.m in Sources */,
				D69588A31BE9CE3600307B6B /* AppDelegate.m in Sources */,
				D69588A01BE9CE3600307B6B /* main.m in Sources */,
			);
			runOnlyForDeploymentPostprocessing = 0;
		};
/* End PBXSourcesBuildPhase section */

/* Begin PBXVariantGroup section */
		D69588A71BE9CE3600307B6B /* Main.storyboard */ = {
			isa = PBXVariantGroup;
			children = (
				D69588A81BE9CE3600307B6B /* Base */,
			);
			name = Main.storyboard;
			sourceTree = "<group>";
		};
		D69588AC1BE9CE3600307B6B /* LaunchScreen.storyboard */ = {
			isa = PBXVariantGroup;
			children = (
				D69588AD1BE9CE3600307B6B /* Base */,
			);
			name = LaunchScreen.storyboard;
			sourceTree = "<group>";
		};
/* End PBXVariantGroup section */

/* Begin XCBuildConfiguration section */
		D69588B01BE9CE3600307B6B /* Debug */ = {
			isa = XCBuildConfiguration;
			buildSettings = {
				ALWAYS_SEARCH_USER_PATHS = NO;
				CLANG_CXX_LANGUAGE_STANDARD = "gnu++0x";
				CLANG_CXX_LIBRARY = "libc++";
				CLANG_ENABLE_MODULES = YES;
				CLANG_ENABLE_OBJC_ARC = YES;
				CLANG_WARN_BOOL_CONVERSION = YES;
				CLANG_WARN_CONSTANT_CONVERSION = YES;
				CLANG_WARN_DIRECT_OBJC_ISA_USAGE = YES_ERROR;
				CLANG_WARN_EMPTY_BODY = YES;
				CLANG_WARN_ENUM_CONVERSION = YES;
				CLANG_WARN_INT_CONVERSION = YES;
				CLANG_WARN_OBJC_ROOT_CLASS = YES_ERROR;
				CLANG_WARN_UNREACHABLE_CODE = YES;
				CLANG_WARN__DUPLICATE_METHOD_MATCH = YES;
				"CODE_SIGN_IDENTITY[sdk=iphoneos*]" = "iPhone Developer";
				COPY_PHASE_STRIP = NO;
				DEBUG_INFORMATION_FORMAT = dwarf;
				ENABLE_STRICT_OBJC_MSGSEND = YES;
				ENABLE_TESTABILITY = YES;
				GCC_C_LANGUAGE_STANDARD = gnu99;
				GCC_DYNAMIC_NO_PIC = NO;
				GCC_NO_COMMON_BLOCKS = YES;
				GCC_OPTIMIZATION_LEVEL = 0;
				GCC_PREPROCESSOR_DEFINITIONS = (
					"DEBUG=1",
					"$(inherited)",
				);
				GCC_WARN_64_TO_32_BIT_CONVERSION = YES;
				GCC_WARN_ABOUT_RETURN_TYPE = YES_ERROR;
				GCC_WARN_UNDECLARED_SELECTOR = YES;
				GCC_WARN_UNINITIALIZED_AUTOS = YES_AGGRESSIVE;
				GCC_WARN_UNUSED_FUNCTION = YES;
				GCC_WARN_UNUSED_VARIABLE = YES;
				IPHONEOS_DEPLOYMENT_TARGET = 8.0;
				MTL_ENABLE_DEBUG_INFO = YES;
				ONLY_ACTIVE_ARCH = YES;
				OTHER_CFLAGS = (
					"-Wall",
					"-Wextra",
					"-Wno-unused-parameter",
				);
				SDKROOT = iphoneos;
			};
			name = Debug;
		};
		D69588B11BE9CE3600307B6B /* Release */ = {
			isa = XCBuildConfiguration;
			buildSettings = {
				ALWAYS_SEARCH_USER_PATHS = NO;
				CLANG_CXX_LANGUAGE_STANDARD = "gnu++0x";
				CLANG_CXX_LIBRARY = "libc++";
				CLANG_ENABLE_MODULES = YES;
				CLANG_ENABLE_OBJC_ARC = YES;
				CLANG_WARN_BOOL_CONVERSION = YES;
				CLANG_WARN_CONSTANT_CONVERSION = YES;
				CLANG_WARN_DIRECT_OBJC_ISA_USAGE = YES_ERROR;
				CLANG_WARN_EMPTY_BODY = YES;
				CLANG_WARN_ENUM_CONVERSION = YES;
				CLANG_WARN_INT_CONVERSION = YES;
				CLANG_WARN_OBJC_ROOT_CLASS = YES_ERROR;
				CLANG_WARN_UNREACHABLE_CODE = YES;
				CLANG_WARN__DUPLICATE_METHOD_MATCH = YES;
				"CODE_SIGN_IDENTITY[sdk=iphoneos*]" = "iPhone Developer";
				COPY_PHASE_STRIP = NO;
				DEBUG_INFORMATION_FORMAT = "dwarf-with-dsym";
				ENABLE_NS_ASSERTIONS = NO;
				ENABLE_STRICT_OBJC_MSGSEND = YES;
				GCC_C_LANGUAGE_STANDARD = gnu99;
				GCC_NO_COMMON_BLOCKS = YES;
				GCC_WARN_64_TO_32_BIT_CONVERSION = YES;
				GCC_WARN_ABOUT_RETURN_TYPE = YES_ERROR;
				GCC_WARN_UNDECLARED_SELECTOR = YES;
				GCC_WARN_UNINITIALIZED_AUTOS = YES_AGGRESSIVE;
				GCC_WARN_UNUSED_FUNCTION = YES;
				GCC_WARN_UNUSED_VARIABLE = YES;
				IPHONEOS_DEPLOYMENT_TARGET = 8.0;
				MTL_ENABLE_DEBUG_INFO = NO;
				OTHER_CFLAGS = (
					"-Wall",
					"-Wextra",
					"-Wno-unused-parameter",
				);
				SDKROOT = iphoneos;
				VALIDATE_PRODUCT = YES;
			};
			name = Release;
		};
		D69588B31BE9CE3600307B6B /* Debug */ = {
			isa = XCBuildConfiguration;
			buildSettings = {
				ASSETCATALOG_COMPILER_APPICON_NAME = AppIcon;
				CODE_SIGN_IDENTITY = "iPhone Developer";
				INFOPLIST_FILE = iOSTest/Info.plist;
				LD_RUNPATH_SEARCH_PATHS = "$(inherited) @executable_path/Frameworks";
				PRODUCT_BUNDLE_IDENTIFIER = com.myproject.com.iOSTest;
				PRODUCT_NAME = "$(TARGET_NAME)";
			};
			name = Debug;
		};
		D69588B41BE9CE3600307B6B /* Release */ = {
			isa = XCBuildConfiguration;
			buildSettings = {
				ASSETCATALOG_COMPILER_APPICON_NAME = AppIcon;
				CODE_SIGN_IDENTITY = "iPhone Developer";
				INFOPLIST_FILE = iOSTest/Info.plist;
				LD_RUNPATH_SEARCH_PATHS = "$(inherited) @executable_path/Frameworks";
				PRODUCT_BUNDLE_IDENTIFIER = com.myproject.com.iOSTest;
				PRODUCT_NAME = "$(TARGET_NAME)";
			};
			name = Release;
		};
/* End XCBuildConfiguration section */

/* Begin XCConfigurationList section */
		D69588961BE9CE3600307B6B /* Build configuration list for PBXProject "iOSTest" */ = {
			isa = XCConfigurationList;
			buildConfigurations = (
				D69588B01BE9CE3600307B6B /* Debug */,
				D69588B11BE9CE3600307B6B /* Release */,
			);
			defaultConfigurationIsVisible = 0;
			defaultConfigurationName = Release;
		};
		D69588B21BE9CE3600307B6B /* Build configuration list for PBXNativeTarget "iOSTest" */ = {
			isa = XCConfigurationList;
			buildConfigurations = (
				D69588B31BE9CE3600307B6B /* Debug */,
				D69588B41BE9CE3600307B6B /* Release */,
			);
			defaultConfigurationIsVisible = 0;
			defaultConfigurationName = Release;
		};
/* End XCConfigurationList section */
	};
	rootObject = D69588931BE9CE3600307B6B /* Project object */;
}
